// !$*UTF8*$!
{
	archiveVersion = 1;
	classes = {
	};
	objectVersion = 50;
	objects = {

/* Begin PBXBuildFile section */
		520219B725A0C11C00ACF617 /* UpdateList.swift in Sources */ = {isa = PBXBuildFile; fileRef = 520219B625A0C11C00ACF617 /* UpdateList.swift */; };
		520219BC25A0E99100ACF617 /* UpdateDetail.swift in Sources */ = {isa = PBXBuildFile; fileRef = 520219BB25A0E99100ACF617 /* UpdateDetail.swift */; };
		520219C125A0F71000ACF617 /* UpdateStore.swift in Sources */ = {isa = PBXBuildFile; fileRef = 520219C025A0F71000ACF617 /* UpdateStore.swift */; };
		520219C625A10C7900ACF617 /* TabBar.swift in Sources */ = {isa = PBXBuildFile; fileRef = 520219C525A10C7900ACF617 /* TabBar.swift */; };
		520219CB25A1219700ACF617 /* RingView.swift in Sources */ = {isa = PBXBuildFile; fileRef = 520219CA25A1219700ACF617 /* RingView.swift */; };
		521ECEF5258CCE0700459790 /* MenuView.swift in Sources */ = {isa = PBXBuildFile; fileRef = 521ECEF4258CCE0600459790 /* MenuView.swift */; };
		523150C7259221AA007D355A /* Home.swift in Sources */ = {isa = PBXBuildFile; fileRef = 523150C6259221AA007D355A /* Home.swift */; };
		523151AE25936BC1007D355A /* HomeView.swift in Sources */ = {isa = PBXBuildFile; fileRef = 523151AD25936BC1007D355A /* HomeView.swift */; };
		5290B97925660A6400B01DF6 /* AppDelegate.swift in Sources */ = {isa = PBXBuildFile; fileRef = 5290B97825660A6400B01DF6 /* AppDelegate.swift */; };
		5290B97B25660A6400B01DF6 /* SceneDelegate.swift in Sources */ = {isa = PBXBuildFile; fileRef = 5290B97A25660A6400B01DF6 /* SceneDelegate.swift */; };
		5290B97D25660A6400B01DF6 /* ContentView.swift in Sources */ = {isa = PBXBuildFile; fileRef = 5290B97C25660A6400B01DF6 /* ContentView.swift */; };
		5290B97F25660A6500B01DF6 /* Assets.xcassets in Resources */ = {isa = PBXBuildFile; fileRef = 5290B97E25660A6500B01DF6 /* Assets.xcassets */; };
		5290B98225660A6500B01DF6 /* Preview Assets.xcassets in Resources */ = {isa = PBXBuildFile; fileRef = 5290B98125660A6500B01DF6 /* Preview Assets.xcassets */; };
		5290B98525660A6500B01DF6 /* LaunchScreen.storyboard in Resources */ = {isa = PBXBuildFile; fileRef = 5290B98325660A6500B01DF6 /* LaunchScreen.storyboard */; };
		5290B99025660A6600B01DF6 /* DesignCodeTests.swift in Sources */ = {isa = PBXBuildFile; fileRef = 5290B98F25660A6600B01DF6 /* DesignCodeTests.swift */; };
		5290B99B25660A6600B01DF6 /* DesignCodeUITests.swift in Sources */ = {isa = PBXBuildFile; fileRef = 5290B99A25660A6600B01DF6 /* DesignCodeUITests.swift */; };
		52A806EC25AB413D001D4A4D /* Modifiers.swift in Sources */ = {isa = PBXBuildFile; fileRef = 52A806EB25AB413D001D4A4D /* Modifiers.swift */; };
		52BAFC3E25DB5FA400E6F52A /* CourseList.swift in Sources */ = {isa = PBXBuildFile; fileRef = 52BAFC3D25DB5FA400E6F52A /* CourseList.swift */; };
		52D797A025BDEFFB0027445D /* WorkSans-Regular.ttf in Resources */ = {isa = PBXBuildFile; fileRef = 52D7978E25BDEFFB0027445D /* WorkSans-Regular.ttf */; };
		52D797A125BDEFFB0027445D /* WorkSans-Light.ttf in Resources */ = {isa = PBXBuildFile; fileRef = 52D7978F25BDEFFB0027445D /* WorkSans-Light.ttf */; };
		52D797A225BDEFFB0027445D /* WorkSans-ExtraBold.ttf in Resources */ = {isa = PBXBuildFile; fileRef = 52D7979025BDEFFB0027445D /* WorkSans-ExtraBold.ttf */; };
		52D797A325BDEFFB0027445D /* WorkSans-SemiBoldItalic.ttf in Resources */ = {isa = PBXBuildFile; fileRef = 52D7979125BDEFFB0027445D /* WorkSans-SemiBoldItalic.ttf */; };
		52D797A425BDEFFB0027445D /* WorkSans-MediumItalic.ttf in Resources */ = {isa = PBXBuildFile; fileRef = 52D7979225BDEFFB0027445D /* WorkSans-MediumItalic.ttf */; };
		52D797A525BDEFFB0027445D /* WorkSans-BoldItalic.ttf in Resources */ = {isa = PBXBuildFile; fileRef = 52D7979325BDEFFB0027445D /* WorkSans-BoldItalic.ttf */; };
		52D797A625BDEFFB0027445D /* WorkSans-ExtraLight.ttf in Resources */ = {isa = PBXBuildFile; fileRef = 52D7979425BDEFFB0027445D /* WorkSans-ExtraLight.ttf */; };
		52D797A725BDEFFB0027445D /* WorkSans-ThinItalic.ttf in Resources */ = {isa = PBXBuildFile; fileRef = 52D7979525BDEFFB0027445D /* WorkSans-ThinItalic.ttf */; };
		52D797A825BDEFFB0027445D /* WorkSans-ExtraLightItalic.ttf in Resources */ = {isa = PBXBuildFile; fileRef = 52D7979625BDEFFB0027445D /* WorkSans-ExtraLightItalic.ttf */; };
		52D797A925BDEFFB0027445D /* WorkSans-Medium.ttf in Resources */ = {isa = PBXBuildFile; fileRef = 52D7979725BDEFFB0027445D /* WorkSans-Medium.ttf */; };
		52D797AA25BDEFFB0027445D /* WorkSans-SemiBold.ttf in Resources */ = {isa = PBXBuildFile; fileRef = 52D7979825BDEFFB0027445D /* WorkSans-SemiBold.ttf */; };
		52D797AB25BDEFFB0027445D /* WorkSans-Italic.ttf in Resources */ = {isa = PBXBuildFile; fileRef = 52D7979925BDEFFB0027445D /* WorkSans-Italic.ttf */; };
		52D797AC25BDEFFB0027445D /* WorkSans-BlackItalic.ttf in Resources */ = {isa = PBXBuildFile; fileRef = 52D7979A25BDEFFB0027445D /* WorkSans-BlackItalic.ttf */; };
		52D797AD25BDEFFB0027445D /* WorkSans-Thin.ttf in Resources */ = {isa = PBXBuildFile; fileRef = 52D7979B25BDEFFB0027445D /* WorkSans-Thin.ttf */; };
		52D797AE25BDEFFB0027445D /* WorkSans-Black.ttf in Resources */ = {isa = PBXBuildFile; fileRef = 52D7979C25BDEFFB0027445D /* WorkSans-Black.ttf */; };
		52D797AF25BDEFFB0027445D /* WorkSans-LightItalic.ttf in Resources */ = {isa = PBXBuildFile; fileRef = 52D7979D25BDEFFB0027445D /* WorkSans-LightItalic.ttf */; };
		52D797B025BDEFFB0027445D /* WorkSans-ExtraBoldItalic.ttf in Resources */ = {isa = PBXBuildFile; fileRef = 52D7979E25BDEFFB0027445D /* WorkSans-ExtraBoldItalic.ttf */; };
		52D797B125BDEFFB0027445D /* WorkSans-Bold.ttf in Resources */ = {isa = PBXBuildFile; fileRef = 52D7979F25BDEFFB0027445D /* WorkSans-Bold.ttf */; };
/* End PBXBuildFile section */

/* Begin PBXContainerItemProxy section */
		5290B98C25660A6600B01DF6 /* PBXContainerItemProxy */ = {
			isa = PBXContainerItemProxy;
			containerPortal = 5290B96D25660A6400B01DF6 /* Project object */;
			proxyType = 1;
			remoteGlobalIDString = 5290B97425660A6400B01DF6;
			remoteInfo = DesignCode;
		};
		5290B99725660A6600B01DF6 /* PBXContainerItemProxy */ = {
			isa = PBXContainerItemProxy;
			containerPortal = 5290B96D25660A6400B01DF6 /* Project object */;
			proxyType = 1;
			remoteGlobalIDString = 5290B97425660A6400B01DF6;
			remoteInfo = DesignCode;
		};
/* End PBXContainerItemProxy section */

/* Begin PBXFileReference section */
		520219B625A0C11C00ACF617 /* UpdateList.swift */ = {isa = PBXFileReference; lastKnownFileType = sourcecode.swift; path = UpdateList.swift; sourceTree = "<group>"; };
		520219BB25A0E99100ACF617 /* UpdateDetail.swift */ = {isa = PBXFileReference; lastKnownFileType = sourcecode.swift; path = UpdateDetail.swift; sourceTree = "<group>"; };
		520219C025A0F71000ACF617 /* UpdateStore.swift */ = {isa = PBXFileReference; lastKnownFileType = sourcecode.swift; path = UpdateStore.swift; sourceTree = "<group>"; };
		520219C525A10C7900ACF617 /* TabBar.swift */ = {isa = PBXFileReference; lastKnownFileType = sourcecode.swift; path = TabBar.swift; sourceTree = "<group>"; };
		520219CA25A1219700ACF617 /* RingView.swift */ = {isa = PBXFileReference; lastKnownFileType = sourcecode.swift; path = RingView.swift; sourceTree = "<group>"; };
		521ECEF4258CCE0600459790 /* MenuView.swift */ = {isa = PBXFileReference; lastKnownFileType = sourcecode.swift; path = MenuView.swift; sourceTree = "<group>"; };
		523150C6259221AA007D355A /* Home.swift */ = {isa = PBXFileReference; lastKnownFileType = sourcecode.swift; path = Home.swift; sourceTree = "<group>"; };
		523151AD25936BC1007D355A /* HomeView.swift */ = {isa = PBXFileReference; lastKnownFileType = sourcecode.swift; path = HomeView.swift; sourceTree = "<group>"; };
		5290B97525660A6400B01DF6 /* DesignCode.app */ = {isa = PBXFileReference; explicitFileType = wrapper.application; includeInIndex = 0; path = DesignCode.app; sourceTree = BUILT_PRODUCTS_DIR; };
		5290B97825660A6400B01DF6 /* AppDelegate.swift */ = {isa = PBXFileReference; lastKnownFileType = sourcecode.swift; path = AppDelegate.swift; sourceTree = "<group>"; };
		5290B97A25660A6400B01DF6 /* SceneDelegate.swift */ = {isa = PBXFileReference; lastKnownFileType = sourcecode.swift; path = SceneDelegate.swift; sourceTree = "<group>"; };
		5290B97C25660A6400B01DF6 /* ContentView.swift */ = {isa = PBXFileReference; lastKnownFileType = sourcecode.swift; path = ContentView.swift; sourceTree = "<group>"; };
		5290B97E25660A6500B01DF6 /* Assets.xcassets */ = {isa = PBXFileReference; lastKnownFileType = folder.assetcatalog; path = Assets.xcassets; sourceTree = "<group>"; };
		5290B98125660A6500B01DF6 /* Preview Assets.xcassets */ = {isa = PBXFileReference; lastKnownFileType = folder.assetcatalog; path = "Preview Assets.xcassets"; sourceTree = "<group>"; };
		5290B98425660A6500B01DF6 /* Base */ = {isa = PBXFileReference; lastKnownFileType = file.storyboard; name = Base; path = Base.lproj/LaunchScreen.storyboard; sourceTree = "<group>"; };
		5290B98625660A6500B01DF6 /* Info.plist */ = {isa = PBXFileReference; lastKnownFileType = text.plist.xml; path = Info.plist; sourceTree = "<group>"; };
		5290B98B25660A6600B01DF6 /* DesignCodeTests.xctest */ = {isa = PBXFileReference; explicitFileType = wrapper.cfbundle; includeInIndex = 0; path = DesignCodeTests.xctest; sourceTree = BUILT_PRODUCTS_DIR; };
		5290B98F25660A6600B01DF6 /* DesignCodeTests.swift */ = {isa = PBXFileReference; lastKnownFileType = sourcecode.swift; path = DesignCodeTests.swift; sourceTree = "<group>"; };
		5290B99125660A6600B01DF6 /* Info.plist */ = {isa = PBXFileReference; lastKnownFileType = text.plist.xml; path = Info.plist; sourceTree = "<group>"; };
		5290B99625660A6600B01DF6 /* DesignCodeUITests.xctest */ = {isa = PBXFileReference; explicitFileType = wrapper.cfbundle; includeInIndex = 0; path = DesignCodeUITests.xctest; sourceTree = BUILT_PRODUCTS_DIR; };
		5290B99A25660A6600B01DF6 /* DesignCodeUITests.swift */ = {isa = PBXFileReference; lastKnownFileType = sourcecode.swift; path = DesignCodeUITests.swift; sourceTree = "<group>"; };
		5290B99C25660A6600B01DF6 /* Info.plist */ = {isa = PBXFileReference; lastKnownFileType = text.plist.xml; path = Info.plist; sourceTree = "<group>"; };
		52A806EB25AB413D001D4A4D /* Modifiers.swift */ = {isa = PBXFileReference; lastKnownFileType = sourcecode.swift; path = Modifiers.swift; sourceTree = "<group>"; };
		52BAFC3D25DB5FA400E6F52A /* CourseList.swift */ = {isa = PBXFileReference; lastKnownFileType = sourcecode.swift; path = CourseList.swift; sourceTree = "<group>"; };
		52D7978E25BDEFFB0027445D /* WorkSans-Regular.ttf */ = {isa = PBXFileReference; lastKnownFileType = file; path = "WorkSans-Regular.ttf"; sourceTree = "<group>"; };
		52D7978F25BDEFFB0027445D /* WorkSans-Light.ttf */ = {isa = PBXFileReference; lastKnownFileType = file; path = "WorkSans-Light.ttf"; sourceTree = "<group>"; };
		52D7979025BDEFFB0027445D /* WorkSans-ExtraBold.ttf */ = {isa = PBXFileReference; lastKnownFileType = file; path = "WorkSans-ExtraBold.ttf"; sourceTree = "<group>"; };
		52D7979125BDEFFB0027445D /* WorkSans-SemiBoldItalic.ttf */ = {isa = PBXFileReference; lastKnownFileType = file; path = "WorkSans-SemiBoldItalic.ttf"; sourceTree = "<group>"; };
		52D7979225BDEFFB0027445D /* WorkSans-MediumItalic.ttf */ = {isa = PBXFileReference; lastKnownFileType = file; path = "WorkSans-MediumItalic.ttf"; sourceTree = "<group>"; };
		52D7979325BDEFFB0027445D /* WorkSans-BoldItalic.ttf */ = {isa = PBXFileReference; lastKnownFileType = file; path = "WorkSans-BoldItalic.ttf"; sourceTree = "<group>"; };
		52D7979425BDEFFB0027445D /* WorkSans-ExtraLight.ttf */ = {isa = PBXFileReference; lastKnownFileType = file; path = "WorkSans-ExtraLight.ttf"; sourceTree = "<group>"; };
		52D7979525BDEFFB0027445D /* WorkSans-ThinItalic.ttf */ = {isa = PBXFileReference; lastKnownFileType = file; path = "WorkSans-ThinItalic.ttf"; sourceTree = "<group>"; };
		52D7979625BDEFFB0027445D /* WorkSans-ExtraLightItalic.ttf */ = {isa = PBXFileReference; lastKnownFileType = file; path = "WorkSans-ExtraLightItalic.ttf"; sourceTree = "<group>"; };
		52D7979725BDEFFB0027445D /* WorkSans-Medium.ttf */ = {isa = PBXFileReference; lastKnownFileType = file; path = "WorkSans-Medium.ttf"; sourceTree = "<group>"; };
		52D7979825BDEFFB0027445D /* WorkSans-SemiBold.ttf */ = {isa = PBXFileReference; lastKnownFileType = file; path = "WorkSans-SemiBold.ttf"; sourceTree = "<group>"; };
		52D7979925BDEFFB0027445D /* WorkSans-Italic.ttf */ = {isa = PBXFileReference; lastKnownFileType = file; path = "WorkSans-Italic.ttf"; sourceTree = "<group>"; };
		52D7979A25BDEFFB0027445D /* WorkSans-BlackItalic.ttf */ = {isa = PBXFileReference; lastKnownFileType = file; path = "WorkSans-BlackItalic.ttf"; sourceTree = "<group>"; };
		52D7979B25BDEFFB0027445D /* WorkSans-Thin.ttf */ = {isa = PBXFileReference; lastKnownFileType = file; path = "WorkSans-Thin.ttf"; sourceTree = "<group>"; };
		52D7979C25BDEFFB0027445D /* WorkSans-Black.ttf */ = {isa = PBXFileReference; lastKnownFileType = file; path = "WorkSans-Black.ttf"; sourceTree = "<group>"; };
		52D7979D25BDEFFB0027445D /* WorkSans-LightItalic.ttf */ = {isa = PBXFileReference; lastKnownFileType = file; path = "WorkSans-LightItalic.ttf"; sourceTree = "<group>"; };
		52D7979E25BDEFFB0027445D /* WorkSans-ExtraBoldItalic.ttf */ = {isa = PBXFileReference; lastKnownFileType = file; path = "WorkSans-ExtraBoldItalic.ttf"; sourceTree = "<group>"; };
		52D7979F25BDEFFB0027445D /* WorkSans-Bold.ttf */ = {isa = PBXFileReference; lastKnownFileType = file; path = "WorkSans-Bold.ttf"; sourceTree = "<group>"; };
/* End PBXFileReference section */

/* Begin PBXFrameworksBuildPhase section */
		5290B97225660A6400B01DF6 /* Frameworks */ = {
			isa = PBXFrameworksBuildPhase;
			buildActionMask = 2147483647;
			files = (
			);
			runOnlyForDeploymentPostprocessing = 0;
		};
		5290B98825660A6600B01DF6 /* Frameworks */ = {
			isa = PBXFrameworksBuildPhase;
			buildActionMask = 2147483647;
			files = (
			);
			runOnlyForDeploymentPostprocessing = 0;
		};
		5290B99325660A6600B01DF6 /* Frameworks */ = {
			isa = PBXFrameworksBuildPhase;
			buildActionMask = 2147483647;
			files = (
			);
			runOnlyForDeploymentPostprocessing = 0;
		};
/* End PBXFrameworksBuildPhase section */

/* Begin PBXGroup section */
		5290B96C25660A6400B01DF6 = {
			isa = PBXGroup;
			children = (
				5290B97725660A6400B01DF6 /* DesignCode */,
				5290B98E25660A6600B01DF6 /* DesignCodeTests */,
				5290B99925660A6600B01DF6 /* DesignCodeUITests */,
				5290B97625660A6400B01DF6 /* Products */,
			);
			sourceTree = "<group>";
		};
		5290B97625660A6400B01DF6 /* Products */ = {
			isa = PBXGroup;
			children = (
				5290B97525660A6400B01DF6 /* DesignCode.app */,
				5290B98B25660A6600B01DF6 /* DesignCodeTests.xctest */,
				5290B99625660A6600B01DF6 /* DesignCodeUITests.xctest */,
			);
			name = Products;
			sourceTree = "<group>";
		};
		5290B97725660A6400B01DF6 /* DesignCode */ = {
			isa = PBXGroup;
			children = (
				520219CA25A1219700ACF617 /* RingView.swift */,
				520219C525A10C7900ACF617 /* TabBar.swift */,
				520219B625A0C11C00ACF617 /* UpdateList.swift */,
				520219C025A0F71000ACF617 /* UpdateStore.swift */,
				520219BB25A0E99100ACF617 /* UpdateDetail.swift */,
				5290B97825660A6400B01DF6 /* AppDelegate.swift */,
				5290B97A25660A6400B01DF6 /* SceneDelegate.swift */,
				5290B97C25660A6400B01DF6 /* ContentView.swift */,
				523150C6259221AA007D355A /* Home.swift */,
				523151AD25936BC1007D355A /* HomeView.swift */,
				52BAFC3D25DB5FA400E6F52A /* CourseList.swift */,
				52A806EB25AB413D001D4A4D /* Modifiers.swift */,
				521ECEF4258CCE0600459790 /* MenuView.swift */,
				5290B97E25660A6500B01DF6 /* Assets.xcassets */,
				5290B98325660A6500B01DF6 /* LaunchScreen.storyboard */,
				5290B98625660A6500B01DF6 /* Info.plist */,
				52D7978D25BDEFFB0027445D /* WorkSans */,
				5290B98025660A6500B01DF6 /* Preview Content */,
			);
			path = DesignCode;
			sourceTree = "<group>";
		};
		5290B98025660A6500B01DF6 /* Preview Content */ = {
			isa = PBXGroup;
			children = (
				5290B98125660A6500B01DF6 /* Preview Assets.xcassets */,
			);
			path = "Preview Content";
			sourceTree = "<group>";
		};
		5290B98E25660A6600B01DF6 /* DesignCodeTests */ = {
			isa = PBXGroup;
			children = (
				5290B98F25660A6600B01DF6 /* DesignCodeTests.swift */,
				5290B99125660A6600B01DF6 /* Info.plist */,
			);
			path = DesignCodeTests;
			sourceTree = "<group>";
		};
		5290B99925660A6600B01DF6 /* DesignCodeUITests */ = {
			isa = PBXGroup;
			children = (
				5290B99A25660A6600B01DF6 /* DesignCodeUITests.swift */,
				5290B99C25660A6600B01DF6 /* Info.plist */,
			);
			path = DesignCodeUITests;
			sourceTree = "<group>";
		};
		52D7978D25BDEFFB0027445D /* WorkSans */ = {
			isa = PBXGroup;
			children = (
				52D7978E25BDEFFB0027445D /* WorkSans-Regular.ttf */,
				52D7978F25BDEFFB0027445D /* WorkSans-Light.ttf */,
				52D7979025BDEFFB0027445D /* WorkSans-ExtraBold.ttf */,
				52D7979125BDEFFB0027445D /* WorkSans-SemiBoldItalic.ttf */,
				52D7979225BDEFFB0027445D /* WorkSans-MediumItalic.ttf */,
				52D7979325BDEFFB0027445D /* WorkSans-BoldItalic.ttf */,
				52D7979425BDEFFB0027445D /* WorkSans-ExtraLight.ttf */,
				52D7979525BDEFFB0027445D /* WorkSans-ThinItalic.ttf */,
				52D7979625BDEFFB0027445D /* WorkSans-ExtraLightItalic.ttf */,
				52D7979725BDEFFB0027445D /* WorkSans-Medium.ttf */,
				52D7979825BDEFFB0027445D /* WorkSans-SemiBold.ttf */,
				52D7979925BDEFFB0027445D /* WorkSans-Italic.ttf */,
				52D7979A25BDEFFB0027445D /* WorkSans-BlackItalic.ttf */,
				52D7979B25BDEFFB0027445D /* WorkSans-Thin.ttf */,
				52D7979C25BDEFFB0027445D /* WorkSans-Black.ttf */,
				52D7979D25BDEFFB0027445D /* WorkSans-LightItalic.ttf */,
				52D7979E25BDEFFB0027445D /* WorkSans-ExtraBoldItalic.ttf */,
				52D7979F25BDEFFB0027445D /* WorkSans-Bold.ttf */,
			);
			path = WorkSans;
			sourceTree = "<group>";
		};
/* End PBXGroup section */

/* Begin PBXNativeTarget section */
		5290B97425660A6400B01DF6 /* DesignCode */ = {
			isa = PBXNativeTarget;
			buildConfigurationList = 5290B99F25660A6600B01DF6 /* Build configuration list for PBXNativeTarget "DesignCode" */;
			buildPhases = (
				5290B97125660A6400B01DF6 /* Sources */,
				5290B97225660A6400B01DF6 /* Frameworks */,
				5290B97325660A6400B01DF6 /* Resources */,
			);
			buildRules = (
			);
			dependencies = (
			);
			name = DesignCode;
			productName = DesignCode;
			productReference = 5290B97525660A6400B01DF6 /* DesignCode.app */;
			productType = "com.apple.product-type.application";
		};
		5290B98A25660A6600B01DF6 /* DesignCodeTests */ = {
			isa = PBXNativeTarget;
			buildConfigurationList = 5290B9A225660A6600B01DF6 /* Build configuration list for PBXNativeTarget "DesignCodeTests" */;
			buildPhases = (
				5290B98725660A6600B01DF6 /* Sources */,
				5290B98825660A6600B01DF6 /* Frameworks */,
				5290B98925660A6600B01DF6 /* Resources */,
			);
			buildRules = (
			);
			dependencies = (
				5290B98D25660A6600B01DF6 /* PBXTargetDependency */,
			);
			name = DesignCodeTests;
			productName = DesignCodeTests;
			productReference = 5290B98B25660A6600B01DF6 /* DesignCodeTests.xctest */;
			productType = "com.apple.product-type.bundle.unit-test";
		};
		5290B99525660A6600B01DF6 /* DesignCodeUITests */ = {
			isa = PBXNativeTarget;
			buildConfigurationList = 5290B9A525660A6600B01DF6 /* Build configuration list for PBXNativeTarget "DesignCodeUITests" */;
			buildPhases = (
				5290B99225660A6600B01DF6 /* Sources */,
				5290B99325660A6600B01DF6 /* Frameworks */,
				5290B99425660A6600B01DF6 /* Resources */,
			);
			buildRules = (
			);
			dependencies = (
				5290B99825660A6600B01DF6 /* PBXTargetDependency */,
			);
			name = DesignCodeUITests;
			productName = DesignCodeUITests;
			productReference = 5290B99625660A6600B01DF6 /* DesignCodeUITests.xctest */;
			productType = "com.apple.product-type.bundle.ui-testing";
		};
/* End PBXNativeTarget section */

/* Begin PBXProject section */
		5290B96D25660A6400B01DF6 /* Project object */ = {
			isa = PBXProject;
			attributes = {
				LastSwiftUpdateCheck = 1210;
				LastUpgradeCheck = 1210;
				TargetAttributes = {
					5290B97425660A6400B01DF6 = {
						CreatedOnToolsVersion = 12.1;
					};
					5290B98A25660A6600B01DF6 = {
						CreatedOnToolsVersion = 12.1;
						TestTargetID = 5290B97425660A6400B01DF6;
					};
					5290B99525660A6600B01DF6 = {
						CreatedOnToolsVersion = 12.1;
						TestTargetID = 5290B97425660A6400B01DF6;
					};
				};
			};
			buildConfigurationList = 5290B97025660A6400B01DF6 /* Build configuration list for PBXProject "DesignCode" */;
			compatibilityVersion = "Xcode 9.3";
			developmentRegion = en;
			hasScannedForEncodings = 0;
			knownRegions = (
				en,
				Base,
			);
			mainGroup = 5290B96C25660A6400B01DF6;
			productRefGroup = 5290B97625660A6400B01DF6 /* Products */;
			projectDirPath = "";
			projectRoot = "";
			targets = (
				5290B97425660A6400B01DF6 /* DesignCode */,
				5290B98A25660A6600B01DF6 /* DesignCodeTests */,
				5290B99525660A6600B01DF6 /* DesignCodeUITests */,
			);
		};
/* End PBXProject section */

/* Begin PBXResourcesBuildPhase section */
		5290B97325660A6400B01DF6 /* Resources */ = {
			isa = PBXResourcesBuildPhase;
			buildActionMask = 2147483647;
			files = (
				52D797AF25BDEFFB0027445D /* WorkSans-LightItalic.ttf in Resources */,
				5290B98525660A6500B01DF6 /* LaunchScreen.storyboard in Resources */,
				52D797A525BDEFFB0027445D /* WorkSans-BoldItalic.ttf in Resources */,
				52D797A725BDEFFB0027445D /* WorkSans-ThinItalic.ttf in Resources */,
				52D797A425BDEFFB0027445D /* WorkSans-MediumItalic.ttf in Resources */,
				52D797A825BDEFFB0027445D /* WorkSans-ExtraLightItalic.ttf in Resources */,
				5290B98225660A6500B01DF6 /* Preview Assets.xcassets in Resources */,
				52D797A325BDEFFB0027445D /* WorkSans-SemiBoldItalic.ttf in Resources */,
				52D797B025BDEFFB0027445D /* WorkSans-ExtraBoldItalic.ttf in Resources */,
				5290B97F25660A6500B01DF6 /* Assets.xcassets in Resources */,
				52D797AD25BDEFFB0027445D /* WorkSans-Thin.ttf in Resources */,
				52D797A625BDEFFB0027445D /* WorkSans-ExtraLight.ttf in Resources */,
				52D797AA25BDEFFB0027445D /* WorkSans-SemiBold.ttf in Resources */,
				52D797A025BDEFFB0027445D /* WorkSans-Regular.ttf in Resources */,
				52D797AE25BDEFFB0027445D /* WorkSans-Black.ttf in Resources */,
				52D797A225BDEFFB0027445D /* WorkSans-ExtraBold.ttf in Resources */,
				52D797AC25BDEFFB0027445D /* WorkSans-BlackItalic.ttf in Resources */,
				52D797A925BDEFFB0027445D /* WorkSans-Medium.ttf in Resources */,
				52D797AB25BDEFFB0027445D /* WorkSans-Italic.ttf in Resources */,
				52D797A125BDEFFB0027445D /* WorkSans-Light.ttf in Resources */,
				52D797B125BDEFFB0027445D /* WorkSans-Bold.ttf in Resources */,
			);
			runOnlyForDeploymentPostprocessing = 0;
		};
		5290B98925660A6600B01DF6 /* Resources */ = {
			isa = PBXResourcesBuildPhase;
			buildActionMask = 2147483647;
			files = (
			);
			runOnlyForDeploymentPostprocessing = 0;
		};
		5290B99425660A6600B01DF6 /* Resources */ = {
			isa = PBXResourcesBuildPhase;
			buildActionMask = 2147483647;
			files = (
			);
			runOnlyForDeploymentPostprocessing = 0;
		};
/* End PBXResourcesBuildPhase section */

/* Begin PBXSourcesBuildPhase section */
		5290B97125660A6400B01DF6 /* Sources */ = {
			isa = PBXSourcesBuildPhase;
			buildActionMask = 2147483647;
			files = (
				5290B97925660A6400B01DF6 /* AppDelegate.swift in Sources */,
				520219C125A0F71000ACF617 /* UpdateStore.swift in Sources */,
				520219B725A0C11C00ACF617 /* UpdateList.swift in Sources */,
				521ECEF5258CCE0700459790 /* MenuView.swift in Sources */,
				52A806EC25AB413D001D4A4D /* Modifiers.swift in Sources */,
				520219BC25A0E99100ACF617 /* UpdateDetail.swift in Sources */,
				520219CB25A1219700ACF617 /* RingView.swift in Sources */,
				523150C7259221AA007D355A /* Home.swift in Sources */,
				523151AE25936BC1007D355A /* HomeView.swift in Sources */,
				5290B97B25660A6400B01DF6 /* SceneDelegate.swift in Sources */,
				5290B97D25660A6400B01DF6 /* ContentView.swift in Sources */,
				520219C625A10C7900ACF617 /* TabBar.swift in Sources */,
				52BAFC3E25DB5FA400E6F52A /* CourseList.swift in Sources */,
			);
			runOnlyForDeploymentPostprocessing = 0;
		};
		5290B98725660A6600B01DF6 /* Sources */ = {
			isa = PBXSourcesBuildPhase;
			buildActionMask = 2147483647;
			files = (
				5290B99025660A6600B01DF6 /* DesignCodeTests.swift in Sources */,
			);
			runOnlyForDeploymentPostprocessing = 0;
		};
		5290B99225660A6600B01DF6 /* Sources */ = {
			isa = PBXSourcesBuildPhase;
			buildActionMask = 2147483647;
			files = (
				5290B99B25660A6600B01DF6 /* DesignCodeUITests.swift in Sources */,
			);
			runOnlyForDeploymentPostprocessing = 0;
		};
/* End PBXSourcesBuildPhase section */

/* Begin PBXTargetDependency section */
		5290B98D25660A6600B01DF6 /* PBXTargetDependency */ = {
			isa = PBXTargetDependency;
			target = 5290B97425660A6400B01DF6 /* DesignCode */;
			targetProxy = 5290B98C25660A6600B01DF6 /* PBXContainerItemProxy */;
		};
		5290B99825660A6600B01DF6 /* PBXTargetDependency */ = {
			isa = PBXTargetDependency;
			target = 5290B97425660A6400B01DF6 /* DesignCode */;
			targetProxy = 5290B99725660A6600B01DF6 /* PBXContainerItemProxy */;
		};
/* End PBXTargetDependency section */

/* Begin PBXVariantGroup section */
		5290B98325660A6500B01DF6 /* LaunchScreen.storyboard */ = {
			isa = PBXVariantGroup;
			children = (
				5290B98425660A6500B01DF6 /* Base */,
			);
			name = LaunchScreen.storyboard;
			sourceTree = "<group>";
		};
/* End PBXVariantGroup section */

/* Begin XCBuildConfiguration section */
		5290B99D25660A6600B01DF6 /* Debug */ = {
			isa = XCBuildConfiguration;
			buildSettings = {
				ALWAYS_SEARCH_USER_PATHS = NO;
				CLANG_ANALYZER_NONNULL = YES;
				CLANG_ANALYZER_NUMBER_OBJECT_CONVERSION = YES_AGGRESSIVE;
				CLANG_CXX_LANGUAGE_STANDARD = "gnu++14";
				CLANG_CXX_LIBRARY = "libc++";
				CLANG_ENABLE_MODULES = YES;
				CLANG_ENABLE_OBJC_ARC = YES;
				CLANG_ENABLE_OBJC_WEAK = YES;
				CLANG_WARN_BLOCK_CAPTURE_AUTORELEASING = YES;
				CLANG_WARN_BOOL_CONVERSION = YES;
				CLANG_WARN_COMMA = YES;
				CLANG_WARN_CONSTANT_CONVERSION = YES;
				CLANG_WARN_DEPRECATED_OBJC_IMPLEMENTATIONS = YES;
				CLANG_WARN_DIRECT_OBJC_ISA_USAGE = YES_ERROR;
				CLANG_WARN_DOCUMENTATION_COMMENTS = YES;
				CLANG_WARN_EMPTY_BODY = YES;
				CLANG_WARN_ENUM_CONVERSION = YES;
				CLANG_WARN_INFINITE_RECURSION = YES;
				CLANG_WARN_INT_CONVERSION = YES;
				CLANG_WARN_NON_LITERAL_NULL_CONVERSION = YES;
				CLANG_WARN_OBJC_IMPLICIT_RETAIN_SELF = YES;
				CLANG_WARN_OBJC_LITERAL_CONVERSION = YES;
				CLANG_WARN_OBJC_ROOT_CLASS = YES_ERROR;
				CLANG_WARN_QUOTED_INCLUDE_IN_FRAMEWORK_HEADER = YES;
				CLANG_WARN_RANGE_LOOP_ANALYSIS = YES;
				CLANG_WARN_STRICT_PROTOTYPES = YES;
				CLANG_WARN_SUSPICIOUS_MOVE = YES;
				CLANG_WARN_UNGUARDED_AVAILABILITY = YES_AGGRESSIVE;
				CLANG_WARN_UNREACHABLE_CODE = YES;
				CLANG_WARN__DUPLICATE_METHOD_MATCH = YES;
				COPY_PHASE_STRIP = NO;
				DEBUG_INFORMATION_FORMAT = dwarf;
				ENABLE_STRICT_OBJC_MSGSEND = YES;
				ENABLE_TESTABILITY = YES;
				GCC_C_LANGUAGE_STANDARD = gnu11;
				GCC_DYNAMIC_NO_PIC = NO;
				GCC_NO_COMMON_BLOCKS = YES;
				GCC_OPTIMIZATION_LEVEL = 0;
				GCC_PREPROCESSOR_DEFINITIONS = (
					"DEBUG=1",
					"$(inherited)",
				);
				GCC_WARN_64_TO_32_BIT_CONVERSION = YES;
				GCC_WARN_ABOUT_RETURN_TYPE = YES_ERROR;
				GCC_WARN_UNDECLARED_SELECTOR = YES;
				GCC_WARN_UNINITIALIZED_AUTOS = YES_AGGRESSIVE;
				GCC_WARN_UNUSED_FUNCTION = YES;
				GCC_WARN_UNUSED_VARIABLE = YES;
				IPHONEOS_DEPLOYMENT_TARGET = 14.1;
				MTL_ENABLE_DEBUG_INFO = INCLUDE_SOURCE;
				MTL_FAST_MATH = YES;
				ONLY_ACTIVE_ARCH = YES;
				SDKROOT = iphoneos;
				SWIFT_ACTIVE_COMPILATION_CONDITIONS = DEBUG;
				SWIFT_OPTIMIZATION_LEVEL = "-Onone";
			};
			name = Debug;
		};
		5290B99E25660A6600B01DF6 /* Release */ = {
			isa = XCBuildConfiguration;
			buildSettings = {
				ALWAYS_SEARCH_USER_PATHS = NO;
				CLANG_ANALYZER_NONNULL = YES;
				CLANG_ANALYZER_NUMBER_OBJECT_CONVERSION = YES_AGGRESSIVE;
				CLANG_CXX_LANGUAGE_STANDARD = "gnu++14";
				CLANG_CXX_LIBRARY = "libc++";
				CLANG_ENABLE_MODULES = YES;
				CLANG_ENABLE_OBJC_ARC = YES;
				CLANG_ENABLE_OBJC_WEAK = YES;
				CLANG_WARN_BLOCK_CAPTURE_AUTORELEASING = YES;
				CLANG_WARN_BOOL_CONVERSION = YES;
				CLANG_WARN_COMMA = YES;
				CLANG_WARN_CONSTANT_CONVERSION = YES;
				CLANG_WARN_DEPRECATED_OBJC_IMPLEMENTATIONS = YES;
				CLANG_WARN_DIRECT_OBJC_ISA_USAGE = YES_ERROR;
				CLANG_WARN_DOCUMENTATION_COMMENTS = YES;
				CLANG_WARN_EMPTY_BODY = YES;
				CLANG_WARN_ENUM_CONVERSION = YES;
				CLANG_WARN_INFINITE_RECURSION = YES;
				CLANG_WARN_INT_CONVERSION = YES;
				CLANG_WARN_NON_LITERAL_NULL_CONVERSION = YES;
				CLANG_WARN_OBJC_IMPLICIT_RETAIN_SELF = YES;
				CLANG_WARN_OBJC_LITERAL_CONVERSION = YES;
				CLANG_WARN_OBJC_ROOT_CLASS = YES_ERROR;
				CLANG_WARN_QUOTED_INCLUDE_IN_FRAMEWORK_HEADER = YES;
				CLANG_WARN_RANGE_LOOP_ANALYSIS = YES;
				CLANG_WARN_STRICT_PROTOTYPES = YES;
				CLANG_WARN_SUSPICIOUS_MOVE = YES;
				CLANG_WARN_UNGUARDED_AVAILABILITY = YES_AGGRESSIVE;
				CLANG_WARN_UNREACHABLE_CODE = YES;
				CLANG_WARN__DUPLICATE_METHOD_MATCH = YES;
				COPY_PHASE_STRIP = NO;
				DEBUG_INFORMATION_FORMAT = "dwarf-with-dsym";
				ENABLE_NS_ASSERTIONS = NO;
				ENABLE_STRICT_OBJC_MSGSEND = YES;
				GCC_C_LANGUAGE_STANDARD = gnu11;
				GCC_NO_COMMON_BLOCKS = YES;
				GCC_WARN_64_TO_32_BIT_CONVERSION = YES;
				GCC_WARN_ABOUT_RETURN_TYPE = YES_ERROR;
				GCC_WARN_UNDECLARED_SELECTOR = YES;
				GCC_WARN_UNINITIALIZED_AUTOS = YES_AGGRESSIVE;
				GCC_WARN_UNUSED_FUNCTION = YES;
				GCC_WARN_UNUSED_VARIABLE = YES;
				IPHONEOS_DEPLOYMENT_TARGET = 14.1;
				MTL_ENABLE_DEBUG_INFO = NO;
				MTL_FAST_MATH = YES;
				SDKROOT = iphoneos;
				SWIFT_COMPILATION_MODE = wholemodule;
				SWIFT_OPTIMIZATION_LEVEL = "-O";
				VALIDATE_PRODUCT = YES;
			};
			name = Release;
		};
		5290B9A025660A6600B01DF6 /* Debug */ = {
			isa = XCBuildConfiguration;
			buildSettings = {
				ASSETCATALOG_COMPILER_APPICON_NAME = AppIcon;
				ASSETCATALOG_COMPILER_GLOBAL_ACCENT_COLOR_NAME = AccentColor;
				CODE_SIGN_STYLE = Automatic;
				DEVELOPMENT_ASSET_PATHS = "\"DesignCode/Preview Content\"";
				DEVELOPMENT_TEAM = SZX87D45Z2;
				ENABLE_PREVIEWS = YES;
				INFOPLIST_FILE = DesignCode/Info.plist;
				LD_RUNPATH_SEARCH_PATHS = (
					"$(inherited)",
					"@executable_path/Frameworks",
				);
				PRODUCT_BUNDLE_IDENTIFIER = com.br.rafaelfreitas.DesignCode;
				PRODUCT_NAME = "$(TARGET_NAME)";
				SWIFT_VERSION = 5.0;
				TARGETED_DEVICE_FAMILY = "1,2";
			};
			name = Debug;
		};
		5290B9A125660A6600B01DF6 /* Release */ = {
			isa = XCBuildConfiguration;
			buildSettings = {
				ASSETCATALOG_COMPILER_APPICON_NAME = AppIcon;
				ASSETCATALOG_COMPILER_GLOBAL_ACCENT_COLOR_NAME = AccentColor;
				CODE_SIGN_STYLE = Automatic;
				DEVELOPMENT_ASSET_PATHS = "\"DesignCode/Preview Content\"";
				DEVELOPMENT_TEAM = SZX87D45Z2;
				ENABLE_PREVIEWS = YES;
				INFOPLIST_FILE = DesignCode/Info.plist;
				LD_RUNPATH_SEARCH_PATHS = (
					"$(inherited)",
					"@executable_path/Frameworks",
				);
				PRODUCT_BUNDLE_IDENTIFIER = com.br.rafaelfreitas.DesignCode;
				PRODUCT_NAME = "$(TARGET_NAME)";
				SWIFT_VERSION = 5.0;
				TARGETED_DEVICE_FAMILY = "1,2";
			};
			name = Release;
		};
		5290B9A325660A6600B01DF6 /* Debug */ = {
			isa = XCBuildConfiguration;
			buildSettings = {
				ALWAYS_EMBED_SWIFT_STANDARD_LIBRARIES = YES;
				BUNDLE_LOADER = "$(TEST_HOST)";
				CODE_SIGN_STYLE = Automatic;
				DEVELOPMENT_TEAM = SZX87D45Z2;
				INFOPLIST_FILE = DesignCodeTests/Info.plist;
				IPHONEOS_DEPLOYMENT_TARGET = 14.1;
				LD_RUNPATH_SEARCH_PATHS = (
					"$(inherited)",
					"@executable_path/Frameworks",
					"@loader_path/Frameworks",
				);
				PRODUCT_BUNDLE_IDENTIFIER = com.br.rafaelfreitas.DesignCodeTests;
				PRODUCT_NAME = "$(TARGET_NAME)";
				SWIFT_VERSION = 5.0;
				TARGETED_DEVICE_FAMILY = "1,2";
				TEST_HOST = "$(BUILT_PRODUCTS_DIR)/DesignCode.app/DesignCode";
			};
			name = Debug;
		};
		5290B9A425660A6600B01DF6 /* Release */ = {
			isa = XCBuildConfiguration;
			buildSettings = {
				ALWAYS_EMBED_SWIFT_STANDARD_LIBRARIES = YES;
				BUNDLE_LOADER = "$(TEST_HOST)";
				CODE_SIGN_STYLE = Automatic;
				DEVELOPMENT_TEAM = SZX87D45Z2;
				INFOPLIST_FILE = DesignCodeTests/Info.plist;
				IPHONEOS_DEPLOYMENT_TARGET = 14.1;
				LD_RUNPATH_SEARCH_PATHS = (
					"$(inherited)",
					"@executable_path/Frameworks",
					"@loader_path/Frameworks",
				);
				PRODUCT_BUNDLE_IDENTIFIER = com.br.rafaelfreitas.DesignCodeTests;
				PRODUCT_NAME = "$(TARGET_NAME)";
				SWIFT_VERSION = 5.0;
				TARGETED_DEVICE_FAMILY = "1,2";
				TEST_HOST = "$(BUILT_PRODUCTS_DIR)/DesignCode.app/DesignCode";
			};
			name = Release;
		};
		5290B9A625660A6600B01DF6 /* Debug */ = {
			isa = XCBuildConfiguration;
			buildSettings = {
				ALWAYS_EMBED_SWIFT_STANDARD_LIBRARIES = YES;
				CODE_SIGN_STYLE = Automatic;
				DEVELOPMENT_TEAM = SZX87D45Z2;
				INFOPLIST_FILE = DesignCodeUITests/Info.plist;
				LD_RUNPATH_SEARCH_PATHS = (
					"$(inherited)",
					"@executable_path/Frameworks",
					"@loader_path/Frameworks",
				);
				PRODUCT_BUNDLE_IDENTIFIER = com.br.rafaelfreitas.DesignCodeUITests;
				PRODUCT_NAME = "$(TARGET_NAME)";
				SWIFT_VERSION = 5.0;
				TARGETED_DEVICE_FAMILY = "1,2";
				TEST_TARGET_NAME = DesignCode;
			};
			name = Debug;
		};
		5290B9A725660A6600B01DF6 /* Release */ = {
			isa = XCBuildConfiguration;
			buildSettings = {
				ALWAYS_EMBED_SWIFT_STANDARD_LIBRARIES = YES;
				CODE_SIGN_STYLE = Automatic;
				DEVELOPMENT_TEAM = SZX87D45Z2;
				INFOPLIST_FILE = DesignCodeUITests/Info.plist;
				LD_RUNPATH_SEARCH_PATHS = (
					"$(inherited)",
					"@executable_path/Frameworks",
					"@loader_path/Frameworks",
				);
				PRODUCT_BUNDLE_IDENTIFIER = com.br.rafaelfreitas.DesignCodeUITests;
				PRODUCT_NAME = "$(TARGET_NAME)";
				SWIFT_VERSION = 5.0;
				TARGETED_DEVICE_FAMILY = "1,2";
				TEST_TARGET_NAME = DesignCode;
			};
			name = Release;
		};
/* End XCBuildConfiguration section */

/* Begin XCConfigurationList section */
		5290B97025660A6400B01DF6 /* Build configuration list for PBXProject "DesignCode" */ = {
			isa = XCConfigurationList;
			buildConfigurations = (
				5290B99D25660A6600B01DF6 /* Debug */,
				5290B99E25660A6600B01DF6 /* Release */,
			);
			defaultConfigurationIsVisible = 0;
			defaultConfigurationName = Release;
		};
		5290B99F25660A6600B01DF6 /* Build configuration list for PBXNativeTarget "DesignCode" */ = {
			isa = XCConfigurationList;
			buildConfigurations = (
				5290B9A025660A6600B01DF6 /* Debug */,
				5290B9A125660A6600B01DF6 /* Release */,
			);
			defaultConfigurationIsVisible = 0;
			defaultConfigurationName = Release;
		};
		5290B9A225660A6600B01DF6 /* Build configuration list for PBXNativeTarget "DesignCodeTests" */ = {
			isa = XCConfigurationList;
			buildConfigurations = (
				5290B9A325660A6600B01DF6 /* Debug */,
				5290B9A425660A6600B01DF6 /* Release */,
			);
			defaultConfigurationIsVisible = 0;
			defaultConfigurationName = Release;
		};
		5290B9A525660A6600B01DF6 /* Build configuration list for PBXNativeTarget "DesignCodeUITests" */ = {
			isa = XCConfigurationList;
			buildConfigurations = (
				5290B9A625660A6600B01DF6 /* Debug */,
				5290B9A725660A6600B01DF6 /* Release */,
			);
			defaultConfigurationIsVisible = 0;
			defaultConfigurationName = Release;
		};
/* End XCConfigurationList section */
	};
	rootObject = 5290B96D25660A6400B01DF6 /* Project object */;
}
